
Microsoft Visual Studio Solution File, Format Version 12.00
# Visual Studio 15
VisualStudioVersion = 15.0.27428.2037
MinimumVisualStudioVersion = 10.0.40219.1
Project("{A07B5EB6-E848-4116-A8D0-A826331D98C6}") = "NanoservicesApp", "NanoservicesApp\NanoservicesApp.sfproj", "{18D6CEE2-BBD2-4C7F-8C77-DB5595077337}"
EndProject
Project("{FAE04EC0-301F-11D3-BF4B-00C04F79EFBC}") = "ObjectActor", "ObjectActor\ObjectActor.csproj", "{48221D50-C25E-40FA-8E99-D841771DF4A6}"
EndProject
Project("{FAE04EC0-301F-11D3-BF4B-00C04F79EFBC}") = "ObjectActor.Interfaces", "ObjectActor.Interfaces\ObjectActor.Interfaces.csproj", "{DD627D5D-0DB0-4AE8-9C2F-D666D4089E4E}"
EndProject
Project("{FAE04EC0-301F-11D3-BF4B-00C04F79EFBC}") = "ObjectAPI", "ObjectAPI\ObjectAPI.csproj", "{0AB307E3-766F-46D2-B478-6BE96BEFF375}"
EndProject
Global
	GlobalSection(SolutionConfigurationPlatforms) = preSolution
		Debug|Any CPU = Debug|Any CPU
		Debug|x64 = Debug|x64
		Release|Any CPU = Release|Any CPU
		Release|x64 = Release|x64
	EndGlobalSection
	GlobalSection(ProjectConfigurationPlatforms) = postSolution
		{18D6CEE2-BBD2-4C7F-8C77-DB5595077337}.Debug|Any CPU.ActiveCfg = Debug|x64
		{18D6CEE2-BBD2-4C7F-8C77-DB5595077337}.Debug|x64.ActiveCfg = Debug|x64
		{18D6CEE2-BBD2-4C7F-8C77-DB5595077337}.Debug|x64.Build.0 = Debug|x64
		{18D6CEE2-BBD2-4C7F-8C77-DB5595077337}.Debug|x64.Deploy.0 = Debug|x64
		{18D6CEE2-BBD2-4C7F-8C77-DB5595077337}.Release|Any CPU.ActiveCfg = Release|x64
		{18D6CEE2-BBD2-4C7F-8C77-DB5595077337}.Release|x64.ActiveCfg = Release|x64
		{18D6CEE2-BBD2-4C7F-8C77-DB5595077337}.Release|x64.Build.0 = Release|x64
		{18D6CEE2-BBD2-4C7F-8C77-DB5595077337}.Release|x64.Deploy.0 = Release|x64
		{48221D50-C25E-40FA-8E99-D841771DF4A6}.Debug|Any CPU.ActiveCfg = Debug|Any CPU
		{48221D50-C25E-40FA-8E99-D841771DF4A6}.Debug|Any CPU.Build.0 = Debug|Any CPU
		{48221D50-C25E-40FA-8E99-D841771DF4A6}.Debug|x64.ActiveCfg = Debug|Any CPU
		{48221D50-C25E-40FA-8E99-D841771DF4A6}.Debug|x64.Build.0 = Debug|Any CPU
		{48221D50-C25E-40FA-8E99-D841771DF4A6}.Release|Any CPU.ActiveCfg = Release|Any CPU
		{48221D50-C25E-40FA-8E99-D841771DF4A6}.Release|Any CPU.Build.0 = Release|Any CPU
		{48221D50-C25E-40FA-8E99-D841771DF4A6}.Release|x64.ActiveCfg = Release|Any CPU
		{48221D50-C25E-40FA-8E99-D841771DF4A6}.Release|x64.Build.0 = Release|Any CPU
		{DD627D5D-0DB0-4AE8-9C2F-D666D4089E4E}.Debug|Any CPU.ActiveCfg = Debug|Any CPU
		{DD627D5D-0DB0-4AE8-9C2F-D666D4089E4E}.Debug|Any CPU.Build.0 = Debug|Any CPU
		{DD627D5D-0DB0-4AE8-9C2F-D666D4089E4E}.Debug|x64.ActiveCfg = Debug|Any CPU
		{DD627D5D-0DB0-4AE8-9C2F-D666D4089E4E}.Debug|x64.Build.0 = Debug|Any CPU
		{DD627D5D-0DB0-4AE8-9C2F-D666D4089E4E}.Release|Any CPU.ActiveCfg = Release|Any CPU
		{DD627D5D-0DB0-4AE8-9C2F-D666D4089E4E}.Release|Any CPU.Build.0 = Release|Any CPU
		{DD627D5D-0DB0-4AE8-9C2F-D666D4089E4E}.Release|x64.ActiveCfg = Release|Any CPU
		{DD627D5D-0DB0-4AE8-9C2F-D666D4089E4E}.Release|x64.Build.0 = Release|Any CPU
		{0AB307E3-766F-46D2-B478-6BE96BEFF375}.Debug|Any CPU.ActiveCfg = Debug|Any CPU
		{0AB307E3-766F-46D2-B478-6BE96BEFF375}.Debug|Any CPU.Build.0 = Debug|Any CPU
		{0AB307E3-766F-46D2-B478-6BE96BEFF375}.Debug|x64.ActiveCfg = Debug|Any CPU
		{0AB307E3-766F-46D2-B478-6BE96BEFF375}.Debug|x64.Build.0 = Debug|Any CPU
		{0AB307E3-766F-46D2-B478-6BE96BEFF375}.Release|Any CPU.ActiveCfg = Release|Any CPU
		{0AB307E3-766F-46D2-B478-6BE96BEFF375}.Release|Any CPU.Build.0 = Release|Any CPU
		{0AB307E3-766F-46D2-B478-6BE96BEFF375}.Release|x64.ActiveCfg = Release|Any CPU
		{0AB307E3-766F-46D2-B478-6BE96BEFF375}.Release|x64.Build.0 = Release|Any CPU
	EndGlobalSection
	GlobalSection(SolutionProperties) = preSolution
		HideSolutionNode = FALSE
	EndGlobalSection
	GlobalSection(ExtensibilityGlobals) = postSolution
		SolutionGuid = {5C510036-B9F5-4F84-ACBF-AC1085419D24}
	EndGlobalSection
EndGlobal
